
Microsoft Visual Studio Solution File, Format Version 12.00
# Visual Studio 15
VisualStudioVersion = 15.0.26730.15
MinimumVisualStudioVersion = 10.0.40219.1
Project("{FAE04EC0-301F-11D3-BF4B-00C04F79EFBC}") = "DMP", "DMP\DMP.csproj", "{69916D24-3B31-4AB6-93B1-8BA20995AF3F}"
EndProject
Project("{FAE04EC0-301F-11D3-BF4B-00C04F79EFBC}") = "UnitTestProject1", "UnitTestProject1\UnitTestProject1.csproj", "{CBCB9EB6-2D20-420A-AFF4-A661CF767071}"
EndProject
Global
	GlobalSection(SolutionConfigurationPlatforms) = preSolution
		Debug|Any CPU = Debug|Any CPU
		Debug|x64 = Debug|x64
		Debug|x86 = Debug|x86
		Release|Any CPU = Release|Any CPU
		Release|x64 = Release|x64
		Release|x86 = Release|x86
	EndGlobalSection
	GlobalSection(ProjectConfigurationPlatforms) = postSolution
		{69916D24-3B31-4AB6-93B1-8BA20995AF3F}.Debug|Any CPU.ActiveCfg = Debug|Any CPU
		{69916D24-3B31-4AB6-93B1-8BA20995AF3F}.Debug|Any CPU.Build.0 = Debug|Any CPU
		{69916D24-3B31-4AB6-93B1-8BA20995AF3F}.Debug|x64.ActiveCfg = Debug|Any CPU
		{69916D24-3B31-4AB6-93B1-8BA20995AF3F}.Debug|x64.Build.0 = Debug|Any CPU
		{69916D24-3B31-4AB6-93B1-8BA20995AF3F}.Debug|x86.ActiveCfg = Debug|Any CPU
		{69916D24-3B31-4AB6-93B1-8BA20995AF3F}.Debug|x86.Build.0 = Debug|Any CPU
		{69916D24-3B31-4AB6-93B1-8BA20995AF3F}.Release|Any CPU.ActiveCfg = Release|Any CPU
		{69916D24-3B31-4AB6-93B1-8BA20995AF3F}.Release|Any CPU.Build.0 = Release|Any CPU
		{69916D24-3B31-4AB6-93B1-8BA20995AF3F}.Release|x64.ActiveCfg = Release|Any CPU
		{69916D24-3B31-4AB6-93B1-8BA20995AF3F}.Release|x64.Build.0 = Release|Any CPU
		{69916D24-3B31-4AB6-93B1-8BA20995AF3F}.Release|x86.ActiveCfg = Release|Any CPU
		{69916D24-3B31-4AB6-93B1-8BA20995AF3F}.Release|x86.Build.0 = Release|Any CPU
		{CBCB9EB6-2D20-420A-AFF4-A661CF767071}.Debug|Any CPU.ActiveCfg = Debug|Any CPU
		{CBCB9EB6-2D20-420A-AFF4-A661CF767071}.Debug|Any CPU.Build.0 = Debug|Any CPU
		{CBCB9EB6-2D20-420A-AFF4-A661CF767071}.Debug|x64.ActiveCfg = Debug|Any CPU
		{CBCB9EB6-2D20-420A-AFF4-A661CF767071}.Debug|x64.Build.0 = Debug|Any CPU
		{CBCB9EB6-2D20-420A-AFF4-A661CF767071}.Debug|x86.ActiveCfg = Debug|Any CPU
		{CBCB9EB6-2D20-420A-AFF4-A661CF767071}.Debug|x86.Build.0 = Debug|Any CPU
		{CBCB9EB6-2D20-420A-AFF4-A661CF767071}.Release|Any CPU.ActiveCfg = Release|Any CPU
		{CBCB9EB6-2D20-420A-AFF4-A661CF767071}.Release|Any CPU.Build.0 = Release|Any CPU
		{CBCB9EB6-2D20-420A-AFF4-A661CF767071}.Release|x64.ActiveCfg = Release|Any CPU
		{CBCB9EB6-2D20-420A-AFF4-A661CF767071}.Release|x64.Build.0 = Release|Any CPU
		{CBCB9EB6-2D20-420A-AFF4-A661CF767071}.Release|x86.ActiveCfg = Release|Any CPU
		{CBCB9EB6-2D20-420A-AFF4-A661CF767071}.Release|x86.Build.0 = Release|Any CPU
	EndGlobalSection
	GlobalSection(SolutionProperties) = preSolution
		HideSolutionNode = FALSE
	EndGlobalSection
	GlobalSection(ExtensibilityGlobals) = postSolution
		SolutionGuid = {DA7F8894-6657-41BC-9017-3AF35CFE1062}
	EndGlobalSection
EndGlobal
